
Microsoft Visual Studio Solution File, Format Version 12.00
# Visual Studio Version 17
VisualStudioVersion = 17.12.35527.113
MinimumVisualStudioVersion = 10.0.40219.1
Project("{FAE04EC0-301F-11D3-BF4B-00C04F79EFBC}") = "Lestecon.Extensions.System", "Lestecon.Extensions.System.csproj", "{EC257FBF-6F31-4927-BE20-B253E1D8D325}"
EndProject
Project("{2150E333-8FDC-42A3-9474-1A3956D46DE8}") = "SolutionItems", "SolutionItems", "{42018F8F-D782-4D2B-AC04-0D18ACD1394E}"
	ProjectSection(SolutionItems) = preProject
		..\.editorconfig = ..\.editorconfig
		..\Directory.Build.props = ..\Directory.Build.props
	EndProjectSection
EndProject
Global
	GlobalSection(SolutionConfigurationPlatforms) = preSolution
		Debug|Any CPU = Debug|Any CPU
		Release|Any CPU = Release|Any CPU
	EndGlobalSection
	GlobalSection(ProjectConfigurationPlatforms) = postSolution
		{EC257FBF-6F31-4927-BE20-B253E1D8D325}.Debug|Any CPU.ActiveCfg = Debug|Any CPU
		{EC257FBF-6F31-4927-BE20-B253E1D8D325}.Debug|Any CPU.Build.0 = Debug|Any CPU
		{EC257FBF-6F31-4927-BE20-B253E1D8D325}.Release|Any CPU.ActiveCfg = Release|Any CPU
		{EC257FBF-6F31-4927-BE20-B253E1D8D325}.Release|Any CPU.Build.0 = Release|Any CPU
	EndGlobalSection
	GlobalSection(SolutionProperties) = preSolution
		HideSolutionNode = FALSE
	EndGlobalSection
EndGlobal
